{
	"name": "retradio-encoder",
	"version": "1.0.0",
	"lockfileVersion": 1,
	"requires": true,
	"dependencies": {
		"@device.farm/si-application-events": {
			"version": "1.0.1",
			"resolved": "https://registry.npmjs.org/@device.farm/si-application-events/-/si-application-events-1.0.1.tgz",
			"integrity": "sha512-iQmDdyt0uGQ/XOYnVE9/Jd/mI83DujEpa6ElhElhGq3lPwcHsQcUwp2cG2FjNbHp0iJWMiW9nVqer4O7epmNJg=="
		},
		"@device.farm/si-generic-timer": {
			"version": "1.0.3",
			"resolved": "https://registry.npmjs.org/@device.farm/si-generic-timer/-/si-generic-timer-1.0.3.tgz",
			"integrity": "sha512-WVwMajLqtsnlj7WpsIY/skDY3O8apWHtxcAvKGGXW28TUJ9L+6nn6+7rmFkB7EheqlTpISPWgYOfJfRrBrVw2w==",
			"requires": {
				"@device.farm/si-application-events": "^1.0.1"
			}
		},
		"@device.farm/si-stm32-i2c": {
			"version": "1.0.8",
			"resolved": "https://registry.npmjs.org/@device.farm/si-stm32-i2c/-/si-stm32-i2c-1.0.8.tgz",
			"integrity": "sha512-fNmS4wxiVDTPFVgk2I7ZFBl8zY9hUM4XiVlxVuQi+oItnYM85yi8BCQS4oxVpw23Kh3pcxpA7+m5EPYBF6PZOw==",
			"requires": {
				"@device.farm/si-application-events": "^1.0.1"
			},
			"dependencies": {
				"@device.farm/si-application-events": {
					"version": "1.0.1",
					"resolved": "https://registry.npmjs.org/@device.farm/si-application-events/-/si-application-events-1.0.1.tgz",
					"integrity": "sha512-iQmDdyt0uGQ/XOYnVE9/Jd/mI83DujEpa6ElhElhGq3lPwcHsQcUwp2cG2FjNbHp0iJWMiW9nVqer4O7epmNJg=="
				}
			}
		},
		"@device.farm/si-stm32-iwdg": {
			"version": "1.0.3",
			"resolved": "https://registry.npmjs.org/@device.farm/si-stm32-iwdg/-/si-stm32-iwdg-1.0.3.tgz",
			"integrity": "sha512-RfqVtWEAsNfRqM5EkAIii9MRCKKI0NUm/cFZydoVcUd3qUGd7hUh1poIknWXWD8PpLQnOi7QEsENueOfQRoEyA==",
			"requires": {
				"@device.farm/si-stm32-timer": "^1.0.5"
			}
		},
		"@device.farm/si-stm32-timer": {
			"version": "1.0.9",
			"resolved": "https://registry.npmjs.org/@device.farm/si-stm32-timer/-/si-stm32-timer-1.0.9.tgz",
			"integrity": "sha512-81tFqlk67KvGsuHY77Z2rSkPprlJ00nRCY37AyRmwVxzarBiHlsCtkgzaxgXAqN2Krp23UZ818ti2vwAuGqgGg==",
			"requires": {
				"@device.farm/si-generic-timer": "^1.0.2"
			},
			"dependencies": {
				"@device.farm/si-application-events": {
					"version": "1.0.1",
					"resolved": "https://registry.npmjs.org/@device.farm/si-application-events/-/si-application-events-1.0.1.tgz",
					"integrity": "sha512-iQmDdyt0uGQ/XOYnVE9/Jd/mI83DujEpa6ElhElhGq3lPwcHsQcUwp2cG2FjNbHp0iJWMiW9nVqer4O7epmNJg=="
				},
				"@device.farm/si-generic-timer": {
					"version": "1.0.2",
					"resolved": "https://registry.npmjs.org/@device.farm/si-generic-timer/-/si-generic-timer-1.0.2.tgz",
					"integrity": "sha512-Clv3yxRA63lsmYcGmA3tzeDTc+prKNSt418YDYH4Td4GfLcgI4xCuInGJN9HGffNIqPgrBkHp+F13O+VZtrp6Q==",
					"requires": {
						"@device.farm/si-application-events": "^1.0.1"
					}
				}
			}
		},
		"@device.farm/si-stm32f0x0": {
			"version": "1.0.4",
			"resolved": "https://registry.npmjs.org/@device.farm/si-stm32f0x0/-/si-stm32f0x0-1.0.4.tgz",
			"integrity": "sha512-rAAr7xyHrq5IUtLXQyuA5KblxG6/tT9q2p0BDJL4T6dog53Ogs+O3sNzqbVqJ8bQVOmeqGmI6AyYaqeUeE4naQ=="
		},
		"@retradio/fw-common": {
			"version": "file:../../fw-common",
			"requires": {
				"@device.farm/si-stm32-timer": "^1.0.6",
				"@device.farm/si-stm32f0x0": "^1.0.0"
			}
		}
	}
}
